<?xml version="1.0"?>
<Project ToolsVersion="4.0" xmlns="http://schemas.microsoft.com/developer/msbuild/2003">
	<ItemGroup>
		<ClCompile Include="src\ofApp.cpp">
			<Filter>src</Filter>
		</ClCompile>
		<ClCompile Include="src\main.cpp">
			<Filter>src</Filter>
		</ClCompile>
		<ClCompile Include="src\main.cpp">
			<Filter>src</Filter>
		</ClCompile>
		<ClCompile Include="src\ofApp.cpp">
			<Filter>src</Filter>
		</ClCompile>
		<ClCompile Include="..\..\..\addons\ofxAssimpModelLoader\src\ofxAssimpAnimation.cpp">
			<Filter>addons\ofxAssimpModelLoader\src</Filter>
		</ClCompile>
		<ClCompile Include="..\..\..\addons\ofxAssimpModelLoader\src\ofxAssimpMeshHelper.cpp">
			<Filter>addons\ofxAssimpModelLoader\src</Filter>
		</ClCompile>
		<ClCompile Include="..\..\..\addons\ofxAssimpModelLoader\src\ofxAssimpModelLoader.cpp">
			<Filter>addons\ofxAssimpModelLoader\src</Filter>
		</ClCompile>
		<ClCompile Include="..\..\..\addons\ofxAssimpModelLoader\src\ofxAssimpTexture.cpp">
			<Filter>addons\ofxAssimpModelLoader\src</Filter>
		</ClCompile>
		<ClCompile Include="..\..\..\addons\ofxGui\src\ofxBaseGui.cpp">
			<Filter>addons\ofxGui\src</Filter>
		</ClCompile>
		<ClCompile Include="..\..\..\addons\ofxGui\src\ofxButton.cpp">
			<Filter>addons\ofxGui\src</Filter>
		</ClCompile>
		<ClCompile Include="..\..\..\addons\ofxGui\src\ofxGuiGroup.cpp">
			<Filter>addons\ofxGui\src</Filter>
		</ClCompile>
		<ClCompile Include="..\..\..\addons\ofxGui\src\ofxLabel.cpp">
			<Filter>addons\ofxGui\src</Filter>
		</ClCompile>
		<ClCompile Include="..\..\..\addons\ofxGui\src\ofxPanel.cpp">
			<Filter>addons\ofxGui\src</Filter>
		</ClCompile>
		<ClCompile Include="..\..\..\addons\ofxGui\src\ofxSlider.cpp">
			<Filter>addons\ofxGui\src</Filter>
		</ClCompile>
		<ClCompile Include="..\..\..\addons\ofxGui\src\ofxSliderGroup.cpp">
			<Filter>addons\ofxGui\src</Filter>
		</ClCompile>
		<ClCompile Include="..\..\..\addons\ofxGui\src\ofxToggle.cpp">
			<Filter>addons\ofxGui\src</Filter>
		</ClCompile>
		<ClCompile Include="..\..\..\addons\ofxNetwork\src\ofxTCPClient.cpp">
			<Filter>addons\ofxNetwork\src</Filter>
		</ClCompile>
		<ClCompile Include="..\..\..\addons\ofxNetwork\src\ofxTCPManager.cpp">
			<Filter>addons\ofxNetwork\src</Filter>
		</ClCompile>
		<ClCompile Include="..\..\..\addons\ofxNetwork\src\ofxTCPServer.cpp">
			<Filter>addons\ofxNetwork\src</Filter>
		</ClCompile>
		<ClCompile Include="..\..\..\addons\ofxNetwork\src\ofxUDPManager.cpp">
			<Filter>addons\ofxNetwork\src</Filter>
		</ClCompile>
		<ClCompile Include="..\..\..\addons\ofxOsc\src\ofxOscBundle.cpp">
			<Filter>addons\ofxOsc\src</Filter>
		</ClCompile>
		<ClCompile Include="..\..\..\addons\ofxOsc\src\ofxOscMessage.cpp">
			<Filter>addons\ofxOsc\src</Filter>
		</ClCompile>
		<ClCompile Include="..\..\..\addons\ofxOsc\src\ofxOscParameterSync.cpp">
			<Filter>addons\ofxOsc\src</Filter>
		</ClCompile>
		<ClCompile Include="..\..\..\addons\ofxOsc\src\ofxOscReceiver.cpp">
			<Filter>addons\ofxOsc\src</Filter>
		</ClCompile>
		<ClCompile Include="..\..\..\addons\ofxOsc\src\ofxOscSender.cpp">
			<Filter>addons\ofxOsc\src</Filter>
		</ClCompile>
		<ClCompile Include="..\..\..\addons\ofxOsc\libs\oscpack\src\ip\IpEndpointName.cpp">
			<Filter>addons\ofxOsc\libs\oscpack\src\ip</Filter>
		</ClCompile>
		<ClCompile Include="..\..\..\addons\ofxOsc\libs\oscpack\src\ip\win32\NetworkingUtils.cpp">
			<Filter>addons\ofxOsc\libs\oscpack\src\ip\win32</Filter>
		</ClCompile>
		<ClCompile Include="..\..\..\addons\ofxOsc\libs\oscpack\src\ip\win32\UdpSocket.cpp">
			<Filter>addons\ofxOsc\libs\oscpack\src\ip\win32</Filter>
		</ClCompile>
		<ClCompile Include="..\..\..\addons\ofxOsc\libs\oscpack\src\osc\OscOutboundPacketStream.cpp">
			<Filter>addons\ofxOsc\libs\oscpack\src\osc</Filter>
		</ClCompile>
		<ClCompile Include="..\..\..\addons\ofxOsc\libs\oscpack\src\osc\OscPrintReceivedElements.cpp">
			<Filter>addons\ofxOsc\libs\oscpack\src\osc</Filter>
		</ClCompile>
		<ClCompile Include="..\..\..\addons\ofxOsc\libs\oscpack\src\osc\OscReceivedElements.cpp">
			<Filter>addons\ofxOsc\libs\oscpack\src\osc</Filter>
		</ClCompile>
		<ClCompile Include="..\..\..\addons\ofxOsc\libs\oscpack\src\osc\OscTypes.cpp">
			<Filter>addons\ofxOsc\libs\oscpack\src\osc</Filter>
		</ClCompile>
		<ClCompile Include="..\..\..\addons\ofxSpout\src\ofxSpout\Receiver.cpp">
			<Filter>addons\ofxSpout\src\ofxSpout</Filter>
		</ClCompile>
		<ClCompile Include="..\..\..\addons\ofxSpout\src\ofxSpout\Sender.cpp">
			<Filter>addons\ofxSpout\src\ofxSpout</Filter>
		</ClCompile>
		<ClCompile Include="..\..\..\addons\ofxSpout\src\ofxSpout\Utils.cpp">
			<Filter>addons\ofxSpout\src\ofxSpout</Filter>
		</ClCompile>
		<ClCompile Include="..\..\..\addons\ofxSpout\libs\SpoutSDK\src\SpoutDirectX.cpp">
			<Filter>addons\ofxSpout\libs\SpoutSDK\src</Filter>
		</ClCompile>
		<ClCompile Include="..\..\..\addons\ofxSpout\libs\SpoutSDK\src\SpoutGLDXinterop.cpp">
			<Filter>addons\ofxSpout\libs\SpoutSDK\src</Filter>
		</ClCompile>
		<ClCompile Include="..\..\..\addons\ofxSpout\libs\SpoutSDK\src\SpoutGLextensions.cpp">
			<Filter>addons\ofxSpout\libs\SpoutSDK\src</Filter>
		</ClCompile>
		<ClCompile Include="..\..\..\addons\ofxSpout\libs\SpoutSDK\src\SpoutMemoryShare.cpp">
			<Filter>addons\ofxSpout\libs\SpoutSDK\src</Filter>
		</ClCompile>
		<ClCompile Include="..\..\..\addons\ofxSpout\libs\SpoutSDK\src\SpoutReceiver.cpp">
			<Filter>addons\ofxSpout\libs\SpoutSDK\src</Filter>
		</ClCompile>
		<ClCompile Include="..\..\..\addons\ofxSpout\libs\SpoutSDK\src\SpoutSDK.cpp">
			<Filter>addons\ofxSpout\libs\SpoutSDK\src</Filter>
		</ClCompile>
		<ClCompile Include="..\..\..\addons\ofxSpout\libs\SpoutSDK\src\SpoutSender.cpp">
			<Filter>addons\ofxSpout\libs\SpoutSDK\src</Filter>
		</ClCompile>
		<ClCompile Include="..\..\..\addons\ofxSpout\libs\SpoutSDK\src\SpoutSenderNames.cpp">
			<Filter>addons\ofxSpout\libs\SpoutSDK\src</Filter>
		</ClCompile>
		<ClCompile Include="..\..\..\addons\ofxSpout\libs\SpoutSDK\src\SpoutSharedMemory.cpp">
			<Filter>addons\ofxSpout\libs\SpoutSDK\src</Filter>
		</ClCompile>
	</ItemGroup>
	<ItemGroup>
		<Filter Include="src">
			<UniqueIdentifier>{d8376475-7454-4a24-b08a-aac121d3ad6f}</UniqueIdentifier>
		</Filter>
		<Filter Include="addons">
			<UniqueIdentifier>{71834F65-F3A9-211E-73B8-DC85}</UniqueIdentifier>
		</Filter>
		<Filter Include="addons\ofxAssimpModelLoader">
			<UniqueIdentifier>{DE65D9F7-840A-CD0A-A555-EA3B}</UniqueIdentifier>
		</Filter>
		<Filter Include="addons\ofxAssimpModelLoader\src">
			<UniqueIdentifier>{B84008DC-4B5E-271B-05DA-D8C8}</UniqueIdentifier>
		</Filter>
		<Filter Include="addons\ofxAssimpModelLoader\libs">
			<UniqueIdentifier>{3D854F79-FA4A-75FA-FC0A-2B25}</UniqueIdentifier>
		</Filter>
		<Filter Include="addons\ofxAssimpModelLoader\libs\assimp">
			<UniqueIdentifier>{FE8B5295-D3A7-B9CD-89C9-2613}</UniqueIdentifier>
		</Filter>
		<Filter Include="addons\ofxAssimpModelLoader\libs\assimp\include">
			<UniqueIdentifier>{EDC34C4F-5D44-FB76-337E-EE48}</UniqueIdentifier>
		</Filter>
		<Filter Include="addons\ofxAssimpModelLoader\libs\assimp\include\assimp">
			<UniqueIdentifier>{E66BABFA-76A1-EB8D-40FF-B940}</UniqueIdentifier>
		</Filter>
		<Filter Include="addons\ofxAssimpModelLoader\libs\assimp\include\assimp\Compiler">
			<UniqueIdentifier>{A0C31C2E-6C01-8850-3B72-C818}</UniqueIdentifier>
		</Filter>
		<Filter Include="addons\ofxGui">
			<UniqueIdentifier>{4F2A59AF-5F4E-704B-D067-EC13}</UniqueIdentifier>
		</Filter>
		<Filter Include="addons\ofxGui\src">
			<UniqueIdentifier>{645E9533-4DCD-6179-1CDF-CB65}</UniqueIdentifier>
		</Filter>
		<Filter Include="addons\ofxNetwork">
			<UniqueIdentifier>{01A15744-29A6-108D-08E9-83A7}</UniqueIdentifier>
		</Filter>
		<Filter Include="addons\ofxNetwork\src">
			<UniqueIdentifier>{3D1C10C7-8F35-E796-9C70-F5F3}</UniqueIdentifier>
		</Filter>
		<Filter Include="addons\ofxOsc">
			<UniqueIdentifier>{D91DCA33-6E5D-4481-2AEC-9FBB}</UniqueIdentifier>
		</Filter>
		<Filter Include="addons\ofxOsc\src">
			<UniqueIdentifier>{B9DD339A-D93D-92A1-0A2F-4B41}</UniqueIdentifier>
		</Filter>
		<Filter Include="addons\ofxOsc\libs">
			<UniqueIdentifier>{99ECA1D9-873F-4622-8FC0-FC7B}</UniqueIdentifier>
		</Filter>
		<Filter Include="addons\ofxOsc\libs\oscpack">
			<UniqueIdentifier>{D3A98534-1602-4FEF-57A6-6593}</UniqueIdentifier>
		</Filter>
		<Filter Include="addons\ofxOsc\libs\oscpack\src">
			<UniqueIdentifier>{BFB5BB47-98C8-BBCB-3066-1046}</UniqueIdentifier>
		</Filter>
		<Filter Include="addons\ofxOsc\libs\oscpack\src\ip">
			<UniqueIdentifier>{5A029128-EB41-95C5-CBC0-CDED}</UniqueIdentifier>
		</Filter>
		<Filter Include="addons\ofxOsc\libs\oscpack\src\ip\win32">
			<UniqueIdentifier>{79DFDFE2-400B-8654-3675-01A3}</UniqueIdentifier>
		</Filter>
		<Filter Include="addons\ofxOsc\libs\oscpack\src\osc">
			<UniqueIdentifier>{EDACB89C-9768-9551-4D41-B590}</UniqueIdentifier>
		</Filter>
		<Filter Include="addons\ofxSpout">
			<UniqueIdentifier>{F4DD1F4F-E479-F60E-B010-30BD}</UniqueIdentifier>
		</Filter>
		<Filter Include="addons\ofxSpout\src">
			<UniqueIdentifier>{836FBDC0-375C-97EA-F6ED-9730}</UniqueIdentifier>
		</Filter>
		<Filter Include="addons\ofxSpout\src\ofxSpout">
			<UniqueIdentifier>{E7ABD4B0-4F90-69C0-118F-5894}</UniqueIdentifier>
		</Filter>
		<Filter Include="addons\ofxSpout\libs">
			<UniqueIdentifier>{7070A9E6-A71C-4358-F0E4-3D28}</UniqueIdentifier>
		</Filter>
		<Filter Include="addons\ofxSpout\libs\SpoutSDK">
			<UniqueIdentifier>{DBA8F4A5-5C4B-6BC3-C55A-E264}</UniqueIdentifier>
		</Filter>
		<Filter Include="addons\ofxSpout\libs\SpoutSDK\src">
			<UniqueIdentifier>{CC43A1EC-9F74-499A-D230-67A8}</UniqueIdentifier>
		</Filter>
	</ItemGroup>
	<ItemGroup>
		<ClInclude Include="src\ofApp.h">
			<Filter>src</Filter>
		</ClInclude>
		<ClInclude Include="src\ofApp.h">
			<Filter>src</Filter>
		</ClInclude>
		<ClInclude Include="..\..\..\addons\ofxAssimpModelLoader\src\ofxAssimpAnimation.h">
			<Filter>addons\ofxAssimpModelLoader\src</Filter>
		</ClInclude>
		<ClInclude Include="..\..\..\addons\ofxAssimpModelLoader\src\ofxAssimpMeshHelper.h">
			<Filter>addons\ofxAssimpModelLoader\src</Filter>
		</ClInclude>
		<ClInclude Include="..\..\..\addons\ofxAssimpModelLoader\src\ofxAssimpModelLoader.h">
			<Filter>addons\ofxAssimpModelLoader\src</Filter>
		</ClInclude>
		<ClInclude Include="..\..\..\addons\ofxAssimpModelLoader\src\ofxAssimpTexture.h">
			<Filter>addons\ofxAssimpModelLoader\src</Filter>
		</ClInclude>
		<ClInclude Include="..\..\..\addons\ofxAssimpModelLoader\src\ofxAssimpUtils.h">
			<Filter>addons\ofxAssimpModelLoader\src</Filter>
		</ClInclude>
		<ClInclude Include="..\..\..\addons\ofxAssimpModelLoader\libs\assimp\include\assimp\ai_assert.h">
			<Filter>addons\ofxAssimpModelLoader\libs\assimp\include\assimp</Filter>
		</ClInclude>
		<ClInclude Include="..\..\..\addons\ofxAssimpModelLoader\libs\assimp\include\assimp\anim.h">
			<Filter>addons\ofxAssimpModelLoader\libs\assimp\include\assimp</Filter>
		</ClInclude>
		<ClInclude Include="..\..\..\addons\ofxAssimpModelLoader\libs\assimp\include\assimp\camera.h">
			<Filter>addons\ofxAssimpModelLoader\libs\assimp\include\assimp</Filter>
		</ClInclude>
		<ClInclude Include="..\..\..\addons\ofxAssimpModelLoader\libs\assimp\include\assimp\cexport.h">
			<Filter>addons\ofxAssimpModelLoader\libs\assimp\include\assimp</Filter>
		</ClInclude>
		<ClInclude Include="..\..\..\addons\ofxAssimpModelLoader\libs\assimp\include\assimp\cfileio.h">
			<Filter>addons\ofxAssimpModelLoader\libs\assimp\include\assimp</Filter>
		</ClInclude>
		<ClInclude Include="..\..\..\addons\ofxAssimpModelLoader\libs\assimp\include\assimp\cimport.h">
			<Filter>addons\ofxAssimpModelLoader\libs\assimp\include\assimp</Filter>
		</ClInclude>
		<ClInclude Include="..\..\..\addons\ofxAssimpModelLoader\libs\assimp\include\assimp\color4.h">
			<Filter>addons\ofxAssimpModelLoader\libs\assimp\include\assimp</Filter>
		</ClInclude>
		<ClInclude Include="..\..\..\addons\ofxAssimpModelLoader\libs\assimp\include\assimp\Compiler\poppack1.h">
			<Filter>addons\ofxAssimpModelLoader\libs\assimp\include\assimp\Compiler</Filter>
		</ClInclude>
		<ClInclude Include="..\..\..\addons\ofxAssimpModelLoader\libs\assimp\include\assimp\Compiler\pstdint.h">
			<Filter>addons\ofxAssimpModelLoader\libs\assimp\include\assimp\Compiler</Filter>
		</ClInclude>
		<ClInclude Include="..\..\..\addons\ofxAssimpModelLoader\libs\assimp\include\assimp\Compiler\pushpack1.h">
			<Filter>addons\ofxAssimpModelLoader\libs\assimp\include\assimp\Compiler</Filter>
		</ClInclude>
		<ClInclude Include="..\..\..\addons\ofxAssimpModelLoader\libs\assimp\include\assimp\config.h">
			<Filter>addons\ofxAssimpModelLoader\libs\assimp\include\assimp</Filter>
		</ClInclude>
		<ClInclude Include="..\..\..\addons\ofxAssimpModelLoader\libs\assimp\include\assimp\DefaultLogger.hpp">
			<Filter>addons\ofxAssimpModelLoader\libs\assimp\include\assimp</Filter>
		</ClInclude>
		<ClInclude Include="..\..\..\addons\ofxAssimpModelLoader\libs\assimp\include\assimp\defs.h">
			<Filter>addons\ofxAssimpModelLoader\libs\assimp\include\assimp</Filter>
		</ClInclude>
		<ClInclude Include="..\..\..\addons\ofxAssimpModelLoader\libs\assimp\include\assimp\Exporter.hpp">
			<Filter>addons\ofxAssimpModelLoader\libs\assimp\include\assimp</Filter>
		</ClInclude>
		<ClInclude Include="..\..\..\addons\ofxAssimpModelLoader\libs\assimp\include\assimp\Importer.hpp">
			<Filter>addons\ofxAssimpModelLoader\libs\assimp\include\assimp</Filter>
		</ClInclude>
		<ClInclude Include="..\..\..\addons\ofxAssimpModelLoader\libs\assimp\include\assimp\importerdesc.h">
			<Filter>addons\ofxAssimpModelLoader\libs\assimp\include\assimp</Filter>
		</ClInclude>
		<ClInclude Include="..\..\..\addons\ofxAssimpModelLoader\libs\assimp\include\assimp\IOStream.hpp">
			<Filter>addons\ofxAssimpModelLoader\libs\assimp\include\assimp</Filter>
		</ClInclude>
		<ClInclude Include="..\..\..\addons\ofxAssimpModelLoader\libs\assimp\include\assimp\IOSystem.hpp">
			<Filter>addons\ofxAssimpModelLoader\libs\assimp\include\assimp</Filter>
		</ClInclude>
		<ClInclude Include="..\..\..\addons\ofxAssimpModelLoader\libs\assimp\include\assimp\light.h">
			<Filter>addons\ofxAssimpModelLoader\libs\assimp\include\assimp</Filter>
		</ClInclude>
		<ClInclude Include="..\..\..\addons\ofxAssimpModelLoader\libs\assimp\include\assimp\Logger.hpp">
			<Filter>addons\ofxAssimpModelLoader\libs\assimp\include\assimp</Filter>
		</ClInclude>
		<ClInclude Include="..\..\..\addons\ofxAssimpModelLoader\libs\assimp\include\assimp\LogStream.hpp">
			<Filter>addons\ofxAssimpModelLoader\libs\assimp\include\assimp</Filter>
		</ClInclude>
		<ClInclude Include="..\..\..\addons\ofxAssimpModelLoader\libs\assimp\include\assimp\material.h">
			<Filter>addons\ofxAssimpModelLoader\libs\assimp\include\assimp</Filter>
		</ClInclude>
		<ClInclude Include="..\..\..\addons\ofxAssimpModelLoader\libs\assimp\include\assimp\matrix3x3.h">
			<Filter>addons\ofxAssimpModelLoader\libs\assimp\include\assimp</Filter>
		</ClInclude>
		<ClInclude Include="..\..\..\addons\ofxAssimpModelLoader\libs\assimp\include\assimp\matrix4x4.h">
			<Filter>addons\ofxAssimpModelLoader\libs\assimp\include\assimp</Filter>
		</ClInclude>
		<ClInclude Include="..\..\..\addons\ofxAssimpModelLoader\libs\assimp\include\assimp\mesh.h">
			<Filter>addons\ofxAssimpModelLoader\libs\assimp\include\assimp</Filter>
		</ClInclude>
		<ClInclude Include="..\..\..\addons\ofxAssimpModelLoader\libs\assimp\include\assimp\metadata.h">
			<Filter>addons\ofxAssimpModelLoader\libs\assimp\include\assimp</Filter>
		</ClInclude>
		<ClInclude Include="..\..\..\addons\ofxAssimpModelLoader\libs\assimp\include\assimp\NullLogger.hpp">
			<Filter>addons\ofxAssimpModelLoader\libs\assimp\include\assimp</Filter>
		</ClInclude>
		<ClInclude Include="..\..\..\addons\ofxAssimpModelLoader\libs\assimp\include\assimp\postprocess.h">
			<Filter>addons\ofxAssimpModelLoader\libs\assimp\include\assimp</Filter>
		</ClInclude>
		<ClInclude Include="..\..\..\addons\ofxAssimpModelLoader\libs\assimp\include\assimp\ProgressHandler.hpp">
			<Filter>addons\ofxAssimpModelLoader\libs\assimp\include\assimp</Filter>
		</ClInclude>
		<ClInclude Include="..\..\..\addons\ofxAssimpModelLoader\libs\assimp\include\assimp\quaternion.h">
			<Filter>addons\ofxAssimpModelLoader\libs\assimp\include\assimp</Filter>
		</ClInclude>
		<ClInclude Include="..\..\..\addons\ofxAssimpModelLoader\libs\assimp\include\assimp\scene.h">
			<Filter>addons\ofxAssimpModelLoader\libs\assimp\include\assimp</Filter>
		</ClInclude>
		<ClInclude Include="..\..\..\addons\ofxAssimpModelLoader\libs\assimp\include\assimp\texture.h">
			<Filter>addons\ofxAssimpModelLoader\libs\assimp\include\assimp</Filter>
		</ClInclude>
		<ClInclude Include="..\..\..\addons\ofxAssimpModelLoader\libs\assimp\include\assimp\types.h">
			<Filter>addons\ofxAssimpModelLoader\libs\assimp\include\assimp</Filter>
		</ClInclude>
		<ClInclude Include="..\..\..\addons\ofxAssimpModelLoader\libs\assimp\include\assimp\vector2.h">
			<Filter>addons\ofxAssimpModelLoader\libs\assimp\include\assimp</Filter>
		</ClInclude>
		<ClInclude Include="..\..\..\addons\ofxAssimpModelLoader\libs\assimp\include\assimp\vector3.h">
			<Filter>addons\ofxAssimpModelLoader\libs\assimp\include\assimp</Filter>
		</ClInclude>
		<ClInclude Include="..\..\..\addons\ofxAssimpModelLoader\libs\assimp\include\assimp\version.h">
			<Filter>addons\ofxAssimpModelLoader\libs\assimp\include\assimp</Filter>
		</ClInclude>
		<ClInclude Include="..\..\..\addons\ofxGui\src\ofxBaseGui.h">
			<Filter>addons\ofxGui\src</Filter>
		</ClInclude>
		<ClInclude Include="..\..\..\addons\ofxGui\src\ofxButton.h">
			<Filter>addons\ofxGui\src</Filter>
		</ClInclude>
		<ClInclude Include="..\..\..\addons\ofxGui\src\ofxGui.h">
			<Filter>addons\ofxGui\src</Filter>
		</ClInclude>
		<ClInclude Include="..\..\..\addons\ofxGui\src\ofxGuiGroup.h">
			<Filter>addons\ofxGui\src</Filter>
		</ClInclude>
		<ClInclude Include="..\..\..\addons\ofxGui\src\ofxLabel.h">
			<Filter>addons\ofxGui\src</Filter>
		</ClInclude>
		<ClInclude Include="..\..\..\addons\ofxGui\src\ofxPanel.h">
			<Filter>addons\ofxGui\src</Filter>
		</ClInclude>
		<ClInclude Include="..\..\..\addons\ofxGui\src\ofxSlider.h">
			<Filter>addons\ofxGui\src</Filter>
		</ClInclude>
		<ClInclude Include="..\..\..\addons\ofxGui\src\ofxSliderGroup.h">
			<Filter>addons\ofxGui\src</Filter>
		</ClInclude>
		<ClInclude Include="..\..\..\addons\ofxGui\src\ofxToggle.h">
			<Filter>addons\ofxGui\src</Filter>
		</ClInclude>
		<ClInclude Include="..\..\..\addons\ofxNetwork\src\ofxNetwork.h">
			<Filter>addons\ofxNetwork\src</Filter>
		</ClInclude>
		<ClInclude Include="..\..\..\addons\ofxNetwork\src\ofxNetworkUtils.h">
			<Filter>addons\ofxNetwork\src</Filter>
		</ClInclude>
		<ClInclude Include="..\..\..\addons\ofxNetwork\src\ofxTCPClient.h">
			<Filter>addons\ofxNetwork\src</Filter>
		</ClInclude>
		<ClInclude Include="..\..\..\addons\ofxNetwork\src\ofxTCPManager.h">
			<Filter>addons\ofxNetwork\src</Filter>
		</ClInclude>
		<ClInclude Include="..\..\..\addons\ofxNetwork\src\ofxTCPServer.h">
			<Filter>addons\ofxNetwork\src</Filter>
		</ClInclude>
		<ClInclude Include="..\..\..\addons\ofxNetwork\src\ofxUDPManager.h">
			<Filter>addons\ofxNetwork\src</Filter>
		</ClInclude>
		<ClInclude Include="..\..\..\addons\ofxOsc\src\ofxOsc.h">
			<Filter>addons\ofxOsc\src</Filter>
		</ClInclude>
		<ClInclude Include="..\..\..\addons\ofxOsc\src\ofxOscArg.h">
			<Filter>addons\ofxOsc\src</Filter>
		</ClInclude>
		<ClInclude Include="..\..\..\addons\ofxOsc\src\ofxOscBundle.h">
			<Filter>addons\ofxOsc\src</Filter>
		</ClInclude>
		<ClInclude Include="..\..\..\addons\ofxOsc\src\ofxOscMessage.h">
			<Filter>addons\ofxOsc\src</Filter>
		</ClInclude>
		<ClInclude Include="..\..\..\addons\ofxOsc\src\ofxOscParameterSync.h">
			<Filter>addons\ofxOsc\src</Filter>
		</ClInclude>
		<ClInclude Include="..\..\..\addons\ofxOsc\src\ofxOscReceiver.h">
			<Filter>addons\ofxOsc\src</Filter>
		</ClInclude>
		<ClInclude Include="..\..\..\addons\ofxOsc\src\ofxOscSender.h">
			<Filter>addons\ofxOsc\src</Filter>
		</ClInclude>
		<ClInclude Include="..\..\..\addons\ofxOsc\libs\oscpack\src\ip\IpEndpointName.h">
			<Filter>addons\ofxOsc\libs\oscpack\src\ip</Filter>
		</ClInclude>
		<ClInclude Include="..\..\..\addons\ofxOsc\libs\oscpack\src\ip\NetworkingUtils.h">
			<Filter>addons\ofxOsc\libs\oscpack\src\ip</Filter>
		</ClInclude>
		<ClInclude Include="..\..\..\addons\ofxOsc\libs\oscpack\src\ip\PacketListener.h">
			<Filter>addons\ofxOsc\libs\oscpack\src\ip</Filter>
		</ClInclude>
		<ClInclude Include="..\..\..\addons\ofxOsc\libs\oscpack\src\ip\TimerListener.h">
			<Filter>addons\ofxOsc\libs\oscpack\src\ip</Filter>
		</ClInclude>
		<ClInclude Include="..\..\..\addons\ofxOsc\libs\oscpack\src\ip\UdpSocket.h">
			<Filter>addons\ofxOsc\libs\oscpack\src\ip</Filter>
		</ClInclude>
		<ClInclude Include="..\..\..\addons\ofxOsc\libs\oscpack\src\osc\MessageMappingOscPacketListener.h">
			<Filter>addons\ofxOsc\libs\oscpack\src\osc</Filter>
		</ClInclude>
		<ClInclude Include="..\..\..\addons\ofxOsc\libs\oscpack\src\osc\OscException.h">
			<Filter>addons\ofxOsc\libs\oscpack\src\osc</Filter>
		</ClInclude>
		<ClInclude Include="..\..\..\addons\ofxOsc\libs\oscpack\src\osc\OscHostEndianness.h">
			<Filter>addons\ofxOsc\libs\oscpack\src\osc</Filter>
		</ClInclude>
		<ClInclude Include="..\..\..\addons\ofxOsc\libs\oscpack\src\osc\OscOutboundPacketStream.h">
			<Filter>addons\ofxOsc\libs\oscpack\src\osc</Filter>
		</ClInclude>
		<ClInclude Include="..\..\..\addons\ofxOsc\libs\oscpack\src\osc\OscPacketListener.h">
			<Filter>addons\ofxOsc\libs\oscpack\src\osc</Filter>
		</ClInclude>
		<ClInclude Include="..\..\..\addons\ofxOsc\libs\oscpack\src\osc\OscPrintReceivedElements.h">
			<Filter>addons\ofxOsc\libs\oscpack\src\osc</Filter>
		</ClInclude>
		<ClInclude Include="..\..\..\addons\ofxOsc\libs\oscpack\src\osc\OscReceivedElements.h">
			<Filter>addons\ofxOsc\libs\oscpack\src\osc</Filter>
		</ClInclude>
		<ClInclude Include="..\..\..\addons\ofxOsc\libs\oscpack\src\osc\OscTypes.h">
			<Filter>addons\ofxOsc\libs\oscpack\src\osc</Filter>
		</ClInclude>
		<ClInclude Include="..\..\..\addons\ofxSpout\src\ofxSpout\Receiver.h">
			<Filter>addons\ofxSpout\src\ofxSpout</Filter>
		</ClInclude>
		<ClInclude Include="..\..\..\addons\ofxSpout\src\ofxSpout\Sender.h">
			<Filter>addons\ofxSpout\src\ofxSpout</Filter>
		</ClInclude>
		<ClInclude Include="..\..\..\addons\ofxSpout\src\ofxSpout\Utils.h">
			<Filter>addons\ofxSpout\src\ofxSpout</Filter>
		</ClInclude>
		<ClInclude Include="..\..\..\addons\ofxSpout\src\ofxSpout.h">
			<Filter>addons\ofxSpout\src</Filter>
		</ClInclude>
		<ClInclude Include="..\..\..\addons\ofxSpout\libs\SpoutSDK\src\Spout.h">
			<Filter>addons\ofxSpout\libs\SpoutSDK\src</Filter>
		</ClInclude>
		<ClInclude Include="..\..\..\addons\ofxSpout\libs\SpoutSDK\src\SpoutCommon.h">
			<Filter>addons\ofxSpout\libs\SpoutSDK\src</Filter>
		</ClInclude>
		<ClInclude Include="..\..\..\addons\ofxSpout\libs\SpoutSDK\src\SpoutDirectX.h">
			<Filter>addons\ofxSpout\libs\SpoutSDK\src</Filter>
		</ClInclude>
		<ClInclude Include="..\..\..\addons\ofxSpout\libs\SpoutSDK\src\SpoutGLDXinterop.h">
			<Filter>addons\ofxSpout\libs\SpoutSDK\src</Filter>
		</ClInclude>
		<ClInclude Include="..\..\..\addons\ofxSpout\libs\SpoutSDK\src\SpoutGLextensions.h">
			<Filter>addons\ofxSpout\libs\SpoutSDK\src</Filter>
		</ClInclude>
		<ClInclude Include="..\..\..\addons\ofxSpout\libs\SpoutSDK\src\SpoutMemoryShare.h">
			<Filter>addons\ofxSpout\libs\SpoutSDK\src</Filter>
		</ClInclude>
		<ClInclude Include="..\..\..\addons\ofxSpout\libs\SpoutSDK\src\SpoutReceiver.h">
			<Filter>addons\ofxSpout\libs\SpoutSDK\src</Filter>
		</ClInclude>
		<ClInclude Include="..\..\..\addons\ofxSpout\libs\SpoutSDK\src\SpoutSDK.h">
			<Filter>addons\ofxSpout\libs\SpoutSDK\src</Filter>
		</ClInclude>
		<ClInclude Include="..\..\..\addons\ofxSpout\libs\SpoutSDK\src\SpoutSender.h">
			<Filter>addons\ofxSpout\libs\SpoutSDK\src</Filter>
		</ClInclude>
		<ClInclude Include="..\..\..\addons\ofxSpout\libs\SpoutSDK\src\SpoutSenderNames.h">
			<Filter>addons\ofxSpout\libs\SpoutSDK\src</Filter>
		</ClInclude>
		<ClInclude Include="..\..\..\addons\ofxSpout\libs\SpoutSDK\src\SpoutSharedMemory.h">
			<Filter>addons\ofxSpout\libs\SpoutSDK\src</Filter>
		</ClInclude>
	</ItemGroup>
	<ItemGroup>
		<ResourceCompile Include="icon.rc" />
	</ItemGroup>
</Project>
